# This file was autogenerated by Stack.
# You should not edit this file by hand.
# For more information, please see the documentation at:
#   https://docs.haskellstack.org/en/stable/lock_files

packages:
- completed:
    hackage: eveff-1.0.0.2@sha256:935ea6bf71e694a6e5f7548201b97acddbfd5191a716a1ba6ddee1d360031ceb,1232
    pantry-tree:
      sha256: b32e015ba845a061685bc8f10368d634b82e45c7d2a509c102e5971b63166669
      size: 494
  original:
    hackage: eveff-1.0.0.2
- completed:
    hackage: fused-effects-1.1.2.1@sha256:b3766ca1869a7082ddcced5a95ce60196c05b51fbd3d97aa79acb98de3940079,5261
    pantry-tree:
      sha256: 1cc36756682a29c47db44db16f23b93d52b49bc1f3af82ac42faabfca7866a0b
      size: 6845
  original:
    hackage: fused-effects-1.1.2.1
snapshots:
- completed:
    sha256: 6d1532d40621957a25bad5195bfca7938e8a06d923c91bc52aa0f3c41181f2d4
    size: 619204
    url: https://raw.githubusercontent.com/commercialhaskell/stackage-snapshots/master/lts/19/33.yaml
  original: lts-19.33
